
Microsoft Visual Studio Solution File, Format Version 12.00
# Visual Studio 2012
Project("{FAE04EC0-301F-11D3-BF4B-00C04F79EFBC}") = "WindowsAgent", "WindowsAgent\WindowsAgent.csproj", "{F7E2A8D5-6D24-4651-A4BC-1024D59F4903}"
EndProject
Project("{FAE04EC0-301F-11D3-BF4B-00C04F79EFBC}") = "ExecutionPlanGenerator", "ExecutionPlanGenerator\ExecutionPlanGenerator.csproj", "{501BE151-4B8C-4355-88DC-3AEF1921B2D7}"
EndProject
Global
	GlobalSection(SolutionConfigurationPlatforms) = preSolution
		Debug|Any CPU = Debug|Any CPU
		Release|Any CPU = Release|Any CPU
	EndGlobalSection
	GlobalSection(ProjectConfigurationPlatforms) = postSolution
		{F7E2A8D5-6D24-4651-A4BC-1024D59F4903}.Debug|Any CPU.ActiveCfg = Debug|Any CPU
		{F7E2A8D5-6D24-4651-A4BC-1024D59F4903}.Debug|Any CPU.Build.0 = Debug|Any CPU
		{F7E2A8D5-6D24-4651-A4BC-1024D59F4903}.Release|Any CPU.ActiveCfg = Release|Any CPU
		{F7E2A8D5-6D24-4651-A4BC-1024D59F4903}.Release|Any CPU.Build.0 = Release|Any CPU
		{501BE151-4B8C-4355-88DC-3AEF1921B2D7}.Debug|Any CPU.ActiveCfg = Debug|Any CPU
		{501BE151-4B8C-4355-88DC-3AEF1921B2D7}.Debug|Any CPU.Build.0 = Debug|Any CPU
		{501BE151-4B8C-4355-88DC-3AEF1921B2D7}.Release|Any CPU.ActiveCfg = Release|Any CPU
		{501BE151-4B8C-4355-88DC-3AEF1921B2D7}.Release|Any CPU.Build.0 = Release|Any CPU
	EndGlobalSection
	GlobalSection(SolutionProperties) = preSolution
		HideSolutionNode = FALSE
	EndGlobalSection
EndGlobal
